
Microsoft Visual Studio Solution File, Format Version 12.00
# Visual Studio 14
VisualStudioVersion = 14.0.25420.1
MinimumVisualStudioVersion = 10.0.40219.1
Project("{FAE04EC0-301F-11D3-BF4B-00C04F79EFBC}") = "ConsoleApp_9_1", "ConsoleApp_9_1\ConsoleApp_9_1.csproj", "{042285C5-0995-4A51-8345-7C1A863FB158}"
EndProject
Global
	GlobalSection(SolutionConfigurationPlatforms) = preSolution
		Debug|Any CPU = Debug|Any CPU
		Release|Any CPU = Release|Any CPU
	EndGlobalSection
	GlobalSection(ProjectConfigurationPlatforms) = postSolution
		{042285C5-0995-4A51-8345-7C1A863FB158}.Debug|Any CPU.ActiveCfg = Debug|Any CPU
		{042285C5-0995-4A51-8345-7C1A863FB158}.Debug|Any CPU.Build.0 = Debug|Any CPU
		{042285C5-0995-4A51-8345-7C1A863FB158}.Release|Any CPU.ActiveCfg = Release|Any CPU
		{042285C5-0995-4A51-8345-7C1A863FB158}.Release|Any CPU.Build.0 = Release|Any CPU
	EndGlobalSection
	GlobalSection(SolutionProperties) = preSolution
		HideSolutionNode = FALSE
	EndGlobalSection
EndGlobal
